lockfileVersion: 5.3

specifiers:
  axios: ^0.24.0
  dotenv: ^10.0.0
  node-cron: ^3.0.0
  nodemailer: ^6.7.1

dependencies:
  axios: 0.24.0
  dotenv: 10.0.0
  node-cron: 3.0.0
  nodemailer: 6.7.1

packages:

  /axios/0.24.0:
    resolution: {integrity: sha512-Q6cWsys88HoPgAaFAVUb0WpPk0O8iTeisR9IMqy9G8AbO4NlpVknrnQS03zzF9PGAWgO3cgletO3VjV/P7VztA==}
    dependencies:
      follow-redirects: 1.14.5
    transitivePeerDependencies:
      - debug
    dev: false

  /dotenv/10.0.0:
    resolution: {integrity: sha512-rlBi9d8jpv9Sf1klPjNfFAuWDjKLwTIJJ/VxtoTwIR6hnZxcEOQCZg2oIL3MWBYw5GpUDKOEnND7LXTbIpQ03Q==}
    engines: {node: '>=10'}
    dev: false

  /follow-redirects/1.14.5:
    resolution: {integrity: sha512-wtphSXy7d4/OR+MvIFbCVBDzZ5520qV8XfPklSN5QtxuMUJZ+b0Wnst1e1lCDocfzuCkHqj8k0FpZqO+UIaKNA==}
    engines: {node: '>=4.0'}
    peerDependencies:
      debug: '*'
    peerDependenciesMeta:
      debug:
        optional: true
    dev: false

  /moment-timezone/0.5.34:
    resolution: {integrity: sha512-3zAEHh2hKUs3EXLESx/wsgw6IQdusOT8Bxm3D9UrHPQR7zlMmzwybC8zHEM1tQ4LJwP7fcxrWr8tuBg05fFCbg==}
    dependencies:
      moment: 2.29.1
    dev: false

  /moment/2.29.1:
    resolution: {integrity: sha512-kHmoybcPV8Sqy59DwNDY3Jefr64lK/by/da0ViFcuA4DH0vQg5Q6Ze5VimxkfQNSC+Mls/Kx53s7TjP1RhFEDQ==}
    dev: false

  /node-cron/3.0.0:
    resolution: {integrity: sha512-DDwIvvuCwrNiaU7HEivFDULcaQualDv7KoNlB/UU1wPW0n1tDEmBJKhEIE6DlF2FuoOHcNbLJ8ITL2Iv/3AWmA==}
    engines: {node: '>=6.0.0'}
    dependencies:
      moment-timezone: 0.5.34
    dev: false

  /nodemailer/6.7.1:
    resolution: {integrity: sha512-E1C8G3rnXrGjznwGP1k+OrW5k4rl0XtqTEB19f7vtJAMYwfxZVSsAu2iY5xJkrZsbVYr6PwwAwRmFlakPoFC0A==}
    engines: {node: '>=6.0.0'}
    dev: false
